
Microsoft Visual Studio Solution File, Format Version 12.00
Project("{FAE04EC0-301F-11D3-BF4B-00C04F79EFBC}") = "movies-api-back", "movies-api-back\movies-api-back.csproj", "{405B5397-AF5D-4E07-9363-9D33E0F8890E}"
EndProject
Global
	GlobalSection(SolutionConfigurationPlatforms) = preSolution
		Debug|Any CPU = Debug|Any CPU
		Release|Any CPU = Release|Any CPU
	EndGlobalSection
	GlobalSection(ProjectConfigurationPlatforms) = postSolution
		{405B5397-AF5D-4E07-9363-9D33E0F8890E}.Debug|Any CPU.ActiveCfg = Debug|Any CPU
		{405B5397-AF5D-4E07-9363-9D33E0F8890E}.Debug|Any CPU.Build.0 = Debug|Any CPU
		{405B5397-AF5D-4E07-9363-9D33E0F8890E}.Release|Any CPU.ActiveCfg = Release|Any CPU
		{405B5397-AF5D-4E07-9363-9D33E0F8890E}.Release|Any CPU.Build.0 = Release|Any CPU
	EndGlobalSection
EndGlobal
